// !$*UTF8*$!
{
	archiveVersion = 1;
	classes = {
	};
	objectVersion = 55;
	objects = {

/* Begin PBXBuildFile section */
		5F56F5212858B2A600F3BFF3 /* ExtendedExercicesApp.swift in Sources */ = {isa = PBXBuildFile; fileRef = 5F56F5202858B2A600F3BFF3 /* ExtendedExercicesApp.swift */; };
		5F56F5232858B2A600F3BFF3 /* ContentView.swift in Sources */ = {isa = PBXBuildFile; fileRef = 5F56F5222858B2A600F3BFF3 /* ContentView.swift */; };
		5F56F5252858B2A900F3BFF3 /* Assets.xcassets in Resources */ = {isa = PBXBuildFile; fileRef = 5F56F5242858B2A900F3BFF3 /* Assets.xcassets */; };
		5F56F5282858B2A900F3BFF3 /* Preview Assets.xcassets in Resources */ = {isa = PBXBuildFile; fileRef = 5F56F5272858B2A900F3BFF3 /* Preview Assets.xcassets */; };
		5F56F5322858B2A900F3BFF3 /* ExtendedExercicesTests.swift in Sources */ = {isa = PBXBuildFile; fileRef = 5F56F5312858B2A900F3BFF3 /* ExtendedExercicesTests.swift */; };
		5F56F53C2858B2A900F3BFF3 /* ExtendedExercicesUITests.swift in Sources */ = {isa = PBXBuildFile; fileRef = 5F56F53B2858B2A900F3BFF3 /* ExtendedExercicesUITests.swift */; };
		5F56F53E2858B2A900F3BFF3 /* ExtendedExercicesUITestsLaunchTests.swift in Sources */ = {isa = PBXBuildFile; fileRef = 5F56F53D2858B2A900F3BFF3 /* ExtendedExercicesUITestsLaunchTests.swift */; };
		5F56F54B2858B45300F3BFF3 /* Models.swift in Sources */ = {isa = PBXBuildFile; fileRef = 5F56F54A2858B45300F3BFF3 /* Models.swift */; };
		5F56F54D2858B46000F3BFF3 /* DataBase.swift in Sources */ = {isa = PBXBuildFile; fileRef = 5F56F54C2858B45F00F3BFF3 /* DataBase.swift */; };
		5F56F54F2858BF5900F3BFF3 /* Hogwarts.swift in Sources */ = {isa = PBXBuildFile; fileRef = 5F56F54E2858BF5900F3BFF3 /* Hogwarts.swift */; };
		5F56F5532858BF7100F3BFF3 /* Professeurs.swift in Sources */ = {isa = PBXBuildFile; fileRef = 5F56F5522858BF7100F3BFF3 /* Professeurs.swift */; };
		5F56F5552858BF7B00F3BFF3 /* ElevesDetails.swift in Sources */ = {isa = PBXBuildFile; fileRef = 5F56F5542858BF7B00F3BFF3 /* ElevesDetails.swift */; };
		5F56F5572858BF8600F3BFF3 /* ProfesseursDetails.swift in Sources */ = {isa = PBXBuildFile; fileRef = 5F56F5562858BF8600F3BFF3 /* ProfesseursDetails.swift */; };
/* End PBXBuildFile section */

/* Begin PBXContainerItemProxy section */
		5F56F52E2858B2A900F3BFF3 /* PBXContainerItemProxy */ = {
			isa = PBXContainerItemProxy;
			containerPortal = 5F56F5152858B2A600F3BFF3 /* Project object */;
			proxyType = 1;
			remoteGlobalIDString = 5F56F51C2858B2A600F3BFF3;
			remoteInfo = ExtendedExercices;
		};
		5F56F5382858B2A900F3BFF3 /* PBXContainerItemProxy */ = {
			isa = PBXContainerItemProxy;
			containerPortal = 5F56F5152858B2A600F3BFF3 /* Project object */;
			proxyType = 1;
			remoteGlobalIDString = 5F56F51C2858B2A600F3BFF3;
			remoteInfo = ExtendedExercices;
		};
/* End PBXContainerItemProxy section */

/* Begin PBXFileReference section */
		5F56F51D2858B2A600F3BFF3 /* ExtendedExercices.app */ = {isa = PBXFileReference; explicitFileType = wrapper.application; includeInIndex = 0; path = ExtendedExercices.app; sourceTree = BUILT_PRODUCTS_DIR; };
		5F56F5202858B2A600F3BFF3 /* ExtendedExercicesApp.swift */ = {isa = PBXFileReference; lastKnownFileType = sourcecode.swift; path = ExtendedExercicesApp.swift; sourceTree = "<group>"; };
		5F56F5222858B2A600F3BFF3 /* ContentView.swift */ = {isa = PBXFileReference; lastKnownFileType = sourcecode.swift; path = ContentView.swift; sourceTree = "<group>"; };
		5F56F5242858B2A900F3BFF3 /* Assets.xcassets */ = {isa = PBXFileReference; lastKnownFileType = folder.assetcatalog; path = Assets.xcassets; sourceTree = "<group>"; };
		5F56F5272858B2A900F3BFF3 /* Preview Assets.xcassets */ = {isa = PBXFileReference; lastKnownFileType = folder.assetcatalog; path = "Preview Assets.xcassets"; sourceTree = "<group>"; };
		5F56F52D2858B2A900F3BFF3 /* ExtendedExercicesTests.xctest */ = {isa = PBXFileReference; explicitFileType = wrapper.cfbundle; includeInIndex = 0; path = ExtendedExercicesTests.xctest; sourceTree = BUILT_PRODUCTS_DIR; };
		5F56F5312858B2A900F3BFF3 /* ExtendedExercicesTests.swift */ = {isa = PBXFileReference; lastKnownFileType = sourcecode.swift; path = ExtendedExercicesTests.swift; sourceTree = "<group>"; };
		5F56F5372858B2A900F3BFF3 /* ExtendedExercicesUITests.xctest */ = {isa = PBXFileReference; explicitFileType = wrapper.cfbundle; includeInIndex = 0; path = ExtendedExercicesUITests.xctest; sourceTree = BUILT_PRODUCTS_DIR; };
		5F56F53B2858B2A900F3BFF3 /* ExtendedExercicesUITests.swift */ = {isa = PBXFileReference; lastKnownFileType = sourcecode.swift; path = ExtendedExercicesUITests.swift; sourceTree = "<group>"; };
		5F56F53D2858B2A900F3BFF3 /* ExtendedExercicesUITestsLaunchTests.swift */ = {isa = PBXFileReference; lastKnownFileType = sourcecode.swift; path = ExtendedExercicesUITestsLaunchTests.swift; sourceTree = "<group>"; };
		5F56F54A2858B45300F3BFF3 /* Models.swift */ = {isa = PBXFileReference; lastKnownFileType = sourcecode.swift; path = Models.swift; sourceTree = "<group>"; };
		5F56F54C2858B45F00F3BFF3 /* DataBase.swift */ = {isa = PBXFileReference; lastKnownFileType = sourcecode.swift; path = DataBase.swift; sourceTree = "<group>"; };
		5F56F54E2858BF5900F3BFF3 /* Hogwarts.swift */ = {isa = PBXFileReference; lastKnownFileType = sourcecode.swift; path = Hogwarts.swift; sourceTree = "<group>"; };
		5F56F5522858BF7100F3BFF3 /* Professeurs.swift */ = {isa = PBXFileReference; lastKnownFileType = sourcecode.swift; path = Professeurs.swift; sourceTree = "<group>"; };
		5F56F5542858BF7B00F3BFF3 /* ElevesDetails.swift */ = {isa = PBXFileReference; lastKnownFileType = sourcecode.swift; path = ElevesDetails.swift; sourceTree = "<group>"; };
		5F56F5562858BF8600F3BFF3 /* ProfesseursDetails.swift */ = {isa = PBXFileReference; lastKnownFileType = sourcecode.swift; path = ProfesseursDetails.swift; sourceTree = "<group>"; };
/* End PBXFileReference section */

/* Begin PBXFrameworksBuildPhase section */
		5F56F51A2858B2A600F3BFF3 /* Frameworks */ = {
			isa = PBXFrameworksBuildPhase;
			buildActionMask = 2147483647;
			files = (
			);
			runOnlyForDeploymentPostprocessing = 0;
		};
		5F56F52A2858B2A900F3BFF3 /* Frameworks */ = {
			isa = PBXFrameworksBuildPhase;
			buildActionMask = 2147483647;
			files = (
			);
			runOnlyForDeploymentPostprocessing = 0;
		};
		5F56F5342858B2A900F3BFF3 /* Frameworks */ = {
			isa = PBXFrameworksBuildPhase;
			buildActionMask = 2147483647;
			files = (
			);
			runOnlyForDeploymentPostprocessing = 0;
		};
/* End PBXFrameworksBuildPhase section */

/* Begin PBXGroup section */
		5F56F5142858B2A600F3BFF3 = {
			isa = PBXGroup;
			children = (
				5F56F54C2858B45F00F3BFF3 /* DataBase.swift */,
				5F56F54A2858B45300F3BFF3 /* Models.swift */,
				5F56F51F2858B2A600F3BFF3 /* ExtendedExercices */,
				5F56F5302858B2A900F3BFF3 /* ExtendedExercicesTests */,
				5F56F53A2858B2A900F3BFF3 /* ExtendedExercicesUITests */,
				5F56F51E2858B2A600F3BFF3 /* Products */,
			);
			sourceTree = "<group>";
		};
		5F56F51E2858B2A600F3BFF3 /* Products */ = {
			isa = PBXGroup;
			children = (
				5F56F51D2858B2A600F3BFF3 /* ExtendedExercices.app */,
				5F56F52D2858B2A900F3BFF3 /* ExtendedExercicesTests.xctest */,
				5F56F5372858B2A900F3BFF3 /* ExtendedExercicesUITests.xctest */,
			);
			name = Products;
			sourceTree = "<group>";
		};
		5F56F51F2858B2A600F3BFF3 /* ExtendedExercices */ = {
			isa = PBXGroup;
			children = (
				5F56F5202858B2A600F3BFF3 /* ExtendedExercicesApp.swift */,
				5F56F5222858B2A600F3BFF3 /* ContentView.swift */,
				5F56F54E2858BF5900F3BFF3 /* Hogwarts.swift */,
				5F56F5522858BF7100F3BFF3 /* Professeurs.swift */,
				5F56F5542858BF7B00F3BFF3 /* ElevesDetails.swift */,
				5F56F5562858BF8600F3BFF3 /* ProfesseursDetails.swift */,
				5F56F5242858B2A900F3BFF3 /* Assets.xcassets */,
				5F56F5262858B2A900F3BFF3 /* Preview Content */,
			);
			path = ExtendedExercices;
			sourceTree = "<group>";
		};
		5F56F5262858B2A900F3BFF3 /* Preview Content */ = {
			isa = PBXGroup;
			children = (
				5F56F5272858B2A900F3BFF3 /* Preview Assets.xcassets */,
			);
			path = "Preview Content";
			sourceTree = "<group>";
		};
		5F56F5302858B2A900F3BFF3 /* ExtendedExercicesTests */ = {
			isa = PBXGroup;
			children = (
				5F56F5312858B2A900F3BFF3 /* ExtendedExercicesTests.swift */,
			);
			path = ExtendedExercicesTests;
			sourceTree = "<group>";
		};
		5F56F53A2858B2A900F3BFF3 /* ExtendedExercicesUITests */ = {
			isa = PBXGroup;
			children = (
				5F56F53B2858B2A900F3BFF3 /* ExtendedExercicesUITests.swift */,
				5F56F53D2858B2A900F3BFF3 /* ExtendedExercicesUITestsLaunchTests.swift */,
			);
			path = ExtendedExercicesUITests;
			sourceTree = "<group>";
		};
/* End PBXGroup section */

/* Begin PBXNativeTarget section */
		5F56F51C2858B2A600F3BFF3 /* ExtendedExercices */ = {
			isa = PBXNativeTarget;
			buildConfigurationList = 5F56F5412858B2A900F3BFF3 /* Build configuration list for PBXNativeTarget "ExtendedExercices" */;
			buildPhases = (
				5F56F5192858B2A600F3BFF3 /* Sources */,
				5F56F51A2858B2A600F3BFF3 /* Frameworks */,
				5F56F51B2858B2A600F3BFF3 /* Resources */,
			);
			buildRules = (
			);
			dependencies = (
			);
			name = ExtendedExercices;
			productName = ExtendedExercices;
			productReference = 5F56F51D2858B2A600F3BFF3 /* ExtendedExercices.app */;
			productType = "com.apple.product-type.application";
		};
		5F56F52C2858B2A900F3BFF3 /* ExtendedExercicesTests */ = {
			isa = PBXNativeTarget;
			buildConfigurationList = 5F56F5442858B2A900F3BFF3 /* Build configuration list for PBXNativeTarget "ExtendedExercicesTests" */;
			buildPhases = (
				5F56F5292858B2A900F3BFF3 /* Sources */,
				5F56F52A2858B2A900F3BFF3 /* Frameworks */,
				5F56F52B2858B2A900F3BFF3 /* Resources */,
			);
			buildRules = (
			);
			dependencies = (
				5F56F52F2858B2A900F3BFF3 /* PBXTargetDependency */,
			);
			name = ExtendedExercicesTests;
			productName = ExtendedExercicesTests;
			productReference = 5F56F52D2858B2A900F3BFF3 /* ExtendedExercicesTests.xctest */;
			productType = "com.apple.product-type.bundle.unit-test";
		};
		5F56F5362858B2A900F3BFF3 /* ExtendedExercicesUITests */ = {
			isa = PBXNativeTarget;
			buildConfigurationList = 5F56F5472858B2A900F3BFF3 /* Build configuration list for PBXNativeTarget "ExtendedExercicesUITests" */;
			buildPhases = (
				5F56F5332858B2A900F3BFF3 /* Sources */,
				5F56F5342858B2A900F3BFF3 /* Frameworks */,
				5F56F5352858B2A900F3BFF3 /* Resources */,
			);
			buildRules = (
			);
			dependencies = (
				5F56F5392858B2A900F3BFF3 /* PBXTargetDependency */,
			);
			name = ExtendedExercicesUITests;
			productName = ExtendedExercicesUITests;
			productReference = 5F56F5372858B2A900F3BFF3 /* ExtendedExercicesUITests.xctest */;
			productType = "com.apple.product-type.bundle.ui-testing";
		};
/* End PBXNativeTarget section */

/* Begin PBXProject section */
		5F56F5152858B2A600F3BFF3 /* Project object */ = {
			isa = PBXProject;
			attributes = {
				BuildIndependentTargetsInParallel = 1;
				LastSwiftUpdateCheck = 1340;
				LastUpgradeCheck = 1340;
				TargetAttributes = {
					5F56F51C2858B2A600F3BFF3 = {
						CreatedOnToolsVersion = 13.4.1;
					};
					5F56F52C2858B2A900F3BFF3 = {
						CreatedOnToolsVersion = 13.4.1;
						TestTargetID = 5F56F51C2858B2A600F3BFF3;
					};
					5F56F5362858B2A900F3BFF3 = {
						CreatedOnToolsVersion = 13.4.1;
						TestTargetID = 5F56F51C2858B2A600F3BFF3;
					};
				};
			};
			buildConfigurationList = 5F56F5182858B2A600F3BFF3 /* Build configuration list for PBXProject "ExtendedExercices" */;
			compatibilityVersion = "Xcode 13.0";
			developmentRegion = en;
			hasScannedForEncodings = 0;
			knownRegions = (
				en,
				Base,
			);
			mainGroup = 5F56F5142858B2A600F3BFF3;
			productRefGroup = 5F56F51E2858B2A600F3BFF3 /* Products */;
			projectDirPath = "";
			projectRoot = "";
			targets = (
				5F56F51C2858B2A600F3BFF3 /* ExtendedExercices */,
				5F56F52C2858B2A900F3BFF3 /* ExtendedExercicesTests */,
				5F56F5362858B2A900F3BFF3 /* ExtendedExercicesUITests */,
			);
		};
/* End PBXProject section */

/* Begin PBXResourcesBuildPhase section */
		5F56F51B2858B2A600F3BFF3 /* Resources */ = {
			isa = PBXResourcesBuildPhase;
			buildActionMask = 2147483647;
			files = (
				5F56F5282858B2A900F3BFF3 /* Preview Assets.xcassets in Resources */,
				5F56F5252858B2A900F3BFF3 /* Assets.xcassets in Resources */,
			);
			runOnlyForDeploymentPostprocessing = 0;
		};
		5F56F52B2858B2A900F3BFF3 /* Resources */ = {
			isa = PBXResourcesBuildPhase;
			buildActionMask = 2147483647;
			files = (
			);
			runOnlyForDeploymentPostprocessing = 0;
		};
		5F56F5352858B2A900F3BFF3 /* Resources */ = {
			isa = PBXResourcesBuildPhase;
			buildActionMask = 2147483647;
			files = (
			);
			runOnlyForDeploymentPostprocessing = 0;
		};
/* End PBXResourcesBuildPhase section */

/* Begin PBXSourcesBuildPhase section */
		5F56F5192858B2A600F3BFF3 /* Sources */ = {
			isa = PBXSourcesBuildPhase;
			buildActionMask = 2147483647;
			files = (
				5F56F5552858BF7B00F3BFF3 /* ElevesDetails.swift in Sources */,
				5F56F54B2858B45300F3BFF3 /* Models.swift in Sources */,
				5F56F5532858BF7100F3BFF3 /* Professeurs.swift in Sources */,
				5F56F5232858B2A600F3BFF3 /* ContentView.swift in Sources */,
				5F56F5572858BF8600F3BFF3 /* ProfesseursDetails.swift in Sources */,
				5F56F54F2858BF5900F3BFF3 /* Hogwarts.swift in Sources */,
				5F56F54D2858B46000F3BFF3 /* DataBase.swift in Sources */,
				5F56F5212858B2A600F3BFF3 /* ExtendedExercicesApp.swift in Sources */,
			);
			runOnlyForDeploymentPostprocessing = 0;
		};
		5F56F5292858B2A900F3BFF3 /* Sources */ = {
			isa = PBXSourcesBuildPhase;
			buildActionMask = 2147483647;
			files = (
				5F56F5322858B2A900F3BFF3 /* ExtendedExercicesTests.swift in Sources */,
			);
			runOnlyForDeploymentPostprocessing = 0;
		};
		5F56F5332858B2A900F3BFF3 /* Sources */ = {
			isa = PBXSourcesBuildPhase;
			buildActionMask = 2147483647;
			files = (
				5F56F53C2858B2A900F3BFF3 /* ExtendedExercicesUITests.swift in Sources */,
				5F56F53E2858B2A900F3BFF3 /* ExtendedExercicesUITestsLaunchTests.swift in Sources */,
			);
			runOnlyForDeploymentPostprocessing = 0;
		};
/* End PBXSourcesBuildPhase section */

/* Begin PBXTargetDependency section */
		5F56F52F2858B2A900F3BFF3 /* PBXTargetDependency */ = {
			isa = PBXTargetDependency;
			target = 5F56F51C2858B2A600F3BFF3 /* ExtendedExercices */;
			targetProxy = 5F56F52E2858B2A900F3BFF3 /* PBXContainerItemProxy */;
		};
		5F56F5392858B2A900F3BFF3 /* PBXTargetDependency */ = {
			isa = PBXTargetDependency;
			target = 5F56F51C2858B2A600F3BFF3 /* ExtendedExercices */;
			targetProxy = 5F56F5382858B2A900F3BFF3 /* PBXContainerItemProxy */;
		};
/* End PBXTargetDependency section */

/* Begin XCBuildConfiguration section */
		5F56F53F2858B2A900F3BFF3 /* Debug */ = {
			isa = XCBuildConfiguration;
			buildSettings = {
				ALWAYS_SEARCH_USER_PATHS = NO;
				CLANG_ANALYZER_NONNULL = YES;
				CLANG_ANALYZER_NUMBER_OBJECT_CONVERSION = YES_AGGRESSIVE;
				CLANG_CXX_LANGUAGE_STANDARD = "gnu++17";
				CLANG_ENABLE_MODULES = YES;
				CLANG_ENABLE_OBJC_ARC = YES;
				CLANG_ENABLE_OBJC_WEAK = YES;
				CLANG_WARN_BLOCK_CAPTURE_AUTORELEASING = YES;
				CLANG_WARN_BOOL_CONVERSION = YES;
				CLANG_WARN_COMMA = YES;
				CLANG_WARN_CONSTANT_CONVERSION = YES;
				CLANG_WARN_DEPRECATED_OBJC_IMPLEMENTATIONS = YES;
				CLANG_WARN_DIRECT_OBJC_ISA_USAGE = YES_ERROR;
				CLANG_WARN_DOCUMENTATION_COMMENTS = YES;
				CLANG_WARN_EMPTY_BODY = YES;
				CLANG_WARN_ENUM_CONVERSION = YES;
				CLANG_WARN_INFINITE_RECURSION = YES;
				CLANG_WARN_INT_CONVERSION = YES;
				CLANG_WARN_NON_LITERAL_NULL_CONVERSION = YES;
				CLANG_WARN_OBJC_IMPLICIT_RETAIN_SELF = YES;
				CLANG_WARN_OBJC_LITERAL_CONVERSION = YES;
				CLANG_WARN_OBJC_ROOT_CLASS = YES_ERROR;
				CLANG_WARN_QUOTED_INCLUDE_IN_FRAMEWORK_HEADER = YES;
				CLANG_WARN_RANGE_LOOP_ANALYSIS = YES;
				CLANG_WARN_STRICT_PROTOTYPES = YES;
				CLANG_WARN_SUSPICIOUS_MOVE = YES;
				CLANG_WARN_UNGUARDED_AVAILABILITY = YES_AGGRESSIVE;
				CLANG_WARN_UNREACHABLE_CODE = YES;
				CLANG_WARN__DUPLICATE_METHOD_MATCH = YES;
				COPY_PHASE_STRIP = NO;
				DEBUG_INFORMATION_FORMAT = dwarf;
				ENABLE_STRICT_OBJC_MSGSEND = YES;
				ENABLE_TESTABILITY = YES;
				GCC_C_LANGUAGE_STANDARD = gnu11;
				GCC_DYNAMIC_NO_PIC = NO;
				GCC_NO_COMMON_BLOCKS = YES;
				GCC_OPTIMIZATION_LEVEL = 0;
				GCC_PREPROCESSOR_DEFINITIONS = (
					"DEBUG=1",
					"$(inherited)",
				);
				GCC_WARN_64_TO_32_BIT_CONVERSION = YES;
				GCC_WARN_ABOUT_RETURN_TYPE = YES_ERROR;
				GCC_WARN_UNDECLARED_SELECTOR = YES;
				GCC_WARN_UNINITIALIZED_AUTOS = YES_AGGRESSIVE;
				GCC_WARN_UNUSED_FUNCTION = YES;
				GCC_WARN_UNUSED_VARIABLE = YES;
				IPHONEOS_DEPLOYMENT_TARGET = 15.5;
				MTL_ENABLE_DEBUG_INFO = INCLUDE_SOURCE;
				MTL_FAST_MATH = YES;
				ONLY_ACTIVE_ARCH = YES;
				SDKROOT = iphoneos;
				SWIFT_ACTIVE_COMPILATION_CONDITIONS = DEBUG;
				SWIFT_OPTIMIZATION_LEVEL = "-Onone";
			};
			name = Debug;
		};
		5F56F5402858B2A900F3BFF3 /* Release */ = {
			isa = XCBuildConfiguration;
			buildSettings = {
				ALWAYS_SEARCH_USER_PATHS = NO;
				CLANG_ANALYZER_NONNULL = YES;
				CLANG_ANALYZER_NUMBER_OBJECT_CONVERSION = YES_AGGRESSIVE;
				CLANG_CXX_LANGUAGE_STANDARD = "gnu++17";
				CLANG_ENABLE_MODULES = YES;
				CLANG_ENABLE_OBJC_ARC = YES;
				CLANG_ENABLE_OBJC_WEAK = YES;
				CLANG_WARN_BLOCK_CAPTURE_AUTORELEASING = YES;
				CLANG_WARN_BOOL_CONVERSION = YES;
				CLANG_WARN_COMMA = YES;
				CLANG_WARN_CONSTANT_CONVERSION = YES;
				CLANG_WARN_DEPRECATED_OBJC_IMPLEMENTATIONS = YES;
				CLANG_WARN_DIRECT_OBJC_ISA_USAGE = YES_ERROR;
				CLANG_WARN_DOCUMENTATION_COMMENTS = YES;
				CLANG_WARN_EMPTY_BODY = YES;
				CLANG_WARN_ENUM_CONVERSION = YES;
				CLANG_WARN_INFINITE_RECURSION = YES;
				CLANG_WARN_INT_CONVERSION = YES;
				CLANG_WARN_NON_LITERAL_NULL_CONVERSION = YES;
				CLANG_WARN_OBJC_IMPLICIT_RETAIN_SELF = YES;
				CLANG_WARN_OBJC_LITERAL_CONVERSION = YES;
				CLANG_WARN_OBJC_ROOT_CLASS = YES_ERROR;
				CLANG_WARN_QUOTED_INCLUDE_IN_FRAMEWORK_HEADER = YES;
				CLANG_WARN_RANGE_LOOP_ANALYSIS = YES;
				CLANG_WARN_STRICT_PROTOTYPES = YES;
				CLANG_WARN_SUSPICIOUS_MOVE = YES;
				CLANG_WARN_UNGUARDED_AVAILABILITY = YES_AGGRESSIVE;
				CLANG_WARN_UNREACHABLE_CODE = YES;
				CLANG_WARN__DUPLICATE_METHOD_MATCH = YES;
				COPY_PHASE_STRIP = NO;
				DEBUG_INFORMATION_FORMAT = "dwarf-with-dsym";
				ENABLE_NS_ASSERTIONS = NO;
				ENABLE_STRICT_OBJC_MSGSEND = YES;
				GCC_C_LANGUAGE_STANDARD = gnu11;
				GCC_NO_COMMON_BLOCKS = YES;
				GCC_WARN_64_TO_32_BIT_CONVERSION = YES;
				GCC_WARN_ABOUT_RETURN_TYPE = YES_ERROR;
				GCC_WARN_UNDECLARED_SELECTOR = YES;
				GCC_WARN_UNINITIALIZED_AUTOS = YES_AGGRESSIVE;
				GCC_WARN_UNUSED_FUNCTION = YES;
				GCC_WARN_UNUSED_VARIABLE = YES;
				IPHONEOS_DEPLOYMENT_TARGET = 15.5;
				MTL_ENABLE_DEBUG_INFO = NO;
				MTL_FAST_MATH = YES;
				SDKROOT = iphoneos;
				SWIFT_COMPILATION_MODE = wholemodule;
				SWIFT_OPTIMIZATION_LEVEL = "-O";
				VALIDATE_PRODUCT = YES;
			};
			name = Release;
		};
		5F56F5422858B2A900F3BFF3 /* Debug */ = {
			isa = XCBuildConfiguration;
			buildSettings = {
				ASSETCATALOG_COMPILER_APPICON_NAME = AppIcon;
				ASSETCATALOG_COMPILER_GLOBAL_ACCENT_COLOR_NAME = AccentColor;
				CODE_SIGN_STYLE = Automatic;
				CURRENT_PROJECT_VERSION = 1;
				DEVELOPMENT_ASSET_PATHS = "\"ExtendedExercices/Preview Content\"";
				DEVELOPMENT_TEAM = CJCGG2B2V5;
				ENABLE_PREVIEWS = YES;
				GENERATE_INFOPLIST_FILE = YES;
				INFOPLIST_KEY_UIApplicationSceneManifest_Generation = YES;
				INFOPLIST_KEY_UIApplicationSupportsIndirectInputEvents = YES;
				INFOPLIST_KEY_UILaunchScreen_Generation = YES;
				INFOPLIST_KEY_UISupportedInterfaceOrientations_iPad = "UIInterfaceOrientationPortrait UIInterfaceOrientationPortraitUpsideDown UIInterfaceOrientationLandscapeLeft UIInterfaceOrientationLandscapeRight";
				INFOPLIST_KEY_UISupportedInterfaceOrientations_iPhone = "UIInterfaceOrientationPortrait UIInterfaceOrientationLandscapeLeft UIInterfaceOrientationLandscapeRight";
				LD_RUNPATH_SEARCH_PATHS = (
					"$(inherited)",
					"@executable_path/Frameworks",
				);
				MARKETING_VERSION = 1.0;
				PRODUCT_BUNDLE_IDENTIFIER = com.Cindoushka.ExtendedExercices;
				PRODUCT_NAME = "$(TARGET_NAME)";
				SWIFT_EMIT_LOC_STRINGS = YES;
				SWIFT_VERSION = 5.0;
				TARGETED_DEVICE_FAMILY = "1,2";
			};
			name = Debug;
		};
		5F56F5432858B2A900F3BFF3 /* Release */ = {
			isa = XCBuildConfiguration;
			buildSettings = {
				ASSETCATALOG_COMPILER_APPICON_NAME = AppIcon;
				ASSETCATALOG_COMPILER_GLOBAL_ACCENT_COLOR_NAME = AccentColor;
				CODE_SIGN_STYLE = Automatic;
				CURRENT_PROJECT_VERSION = 1;
				DEVELOPMENT_ASSET_PATHS = "\"ExtendedExercices/Preview Content\"";
				DEVELOPMENT_TEAM = CJCGG2B2V5;
				ENABLE_PREVIEWS = YES;
				GENERATE_INFOPLIST_FILE = YES;
				INFOPLIST_KEY_UIApplicationSceneManifest_Generation = YES;
				INFOPLIST_KEY_UIApplicationSupportsIndirectInputEvents = YES;
				INFOPLIST_KEY_UILaunchScreen_Generation = YES;
				INFOPLIST_KEY_UISupportedInterfaceOrientations_iPad = "UIInterfaceOrientationPortrait UIInterfaceOrientationPortraitUpsideDown UIInterfaceOrientationLandscapeLeft UIInterfaceOrientationLandscapeRight";
				INFOPLIST_KEY_UISupportedInterfaceOrientations_iPhone = "UIInterfaceOrientationPortrait UIInterfaceOrientationLandscapeLeft UIInterfaceOrientationLandscapeRight";
				LD_RUNPATH_SEARCH_PATHS = (
					"$(inherited)",
					"@executable_path/Frameworks",
				);
				MARKETING_VERSION = 1.0;
				PRODUCT_BUNDLE_IDENTIFIER = com.Cindoushka.ExtendedExercices;
				PRODUCT_NAME = "$(TARGET_NAME)";
				SWIFT_EMIT_LOC_STRINGS = YES;
				SWIFT_VERSION = 5.0;
				TARGETED_DEVICE_FAMILY = "1,2";
			};
			name = Release;
		};
		5F56F5452858B2A900F3BFF3 /* Debug */ = {
			isa = XCBuildConfiguration;
			buildSettings = {
				ALWAYS_EMBED_SWIFT_STANDARD_LIBRARIES = YES;
				BUNDLE_LOADER = "$(TEST_HOST)";
				CODE_SIGN_STYLE = Automatic;
				CURRENT_PROJECT_VERSION = 1;
				GENERATE_INFOPLIST_FILE = YES;
				IPHONEOS_DEPLOYMENT_TARGET = 15.5;
				MARKETING_VERSION = 1.0;
				PRODUCT_BUNDLE_IDENTIFIER = com.Cindoushka.ExtendedExercicesTests;
				PRODUCT_NAME = "$(TARGET_NAME)";
				SWIFT_EMIT_LOC_STRINGS = NO;
				SWIFT_VERSION = 5.0;
				TARGETED_DEVICE_FAMILY = "1,2";
				TEST_HOST = "$(BUILT_PRODUCTS_DIR)/ExtendedExercices.app/ExtendedExercices";
			};
			name = Debug;
		};
		5F56F5462858B2A900F3BFF3 /* Release */ = {
			isa = XCBuildConfiguration;
			buildSettings = {
				ALWAYS_EMBED_SWIFT_STANDARD_LIBRARIES = YES;
				BUNDLE_LOADER = "$(TEST_HOST)";
				CODE_SIGN_STYLE = Automatic;
				CURRENT_PROJECT_VERSION = 1;
				GENERATE_INFOPLIST_FILE = YES;
				IPHONEOS_DEPLOYMENT_TARGET = 15.5;
				MARKETING_VERSION = 1.0;
				PRODUCT_BUNDLE_IDENTIFIER = com.Cindoushka.ExtendedExercicesTests;
				PRODUCT_NAME = "$(TARGET_NAME)";
				SWIFT_EMIT_LOC_STRINGS = NO;
				SWIFT_VERSION = 5.0;
				TARGETED_DEVICE_FAMILY = "1,2";
				TEST_HOST = "$(BUILT_PRODUCTS_DIR)/ExtendedExercices.app/ExtendedExercices";
			};
			name = Release;
		};
		5F56F5482858B2A900F3BFF3 /* Debug */ = {
			isa = XCBuildConfiguration;
			buildSettings = {
				ALWAYS_EMBED_SWIFT_STANDARD_LIBRARIES = YES;
				CODE_SIGN_STYLE = Automatic;
				CURRENT_PROJECT_VERSION = 1;
				GENERATE_INFOPLIST_FILE = YES;
				MARKETING_VERSION = 1.0;
				PRODUCT_BUNDLE_IDENTIFIER = com.Cindoushka.ExtendedExercicesUITests;
				PRODUCT_NAME = "$(TARGET_NAME)";
				SWIFT_EMIT_LOC_STRINGS = NO;
				SWIFT_VERSION = 5.0;
				TARGETED_DEVICE_FAMILY = "1,2";
				TEST_TARGET_NAME = ExtendedExercices;
			};
			name = Debug;
		};
		5F56F5492858B2A900F3BFF3 /* Release */ = {
			isa = XCBuildConfiguration;
			buildSettings = {
				ALWAYS_EMBED_SWIFT_STANDARD_LIBRARIES = YES;
				CODE_SIGN_STYLE = Automatic;
				CURRENT_PROJECT_VERSION = 1;
				GENERATE_INFOPLIST_FILE = YES;
				MARKETING_VERSION = 1.0;
				PRODUCT_BUNDLE_IDENTIFIER = com.Cindoushka.ExtendedExercicesUITests;
				PRODUCT_NAME = "$(TARGET_NAME)";
				SWIFT_EMIT_LOC_STRINGS = NO;
				SWIFT_VERSION = 5.0;
				TARGETED_DEVICE_FAMILY = "1,2";
				TEST_TARGET_NAME = ExtendedExercices;
			};
			name = Release;
		};
/* End XCBuildConfiguration section */

/* Begin XCConfigurationList section */
		5F56F5182858B2A600F3BFF3 /* Build configuration list for PBXProject "ExtendedExercices" */ = {
			isa = XCConfigurationList;
			buildConfigurations = (
				5F56F53F2858B2A900F3BFF3 /* Debug */,
				5F56F5402858B2A900F3BFF3 /* Release */,
			);
			defaultConfigurationIsVisible = 0;
			defaultConfigurationName = Release;
		};
		5F56F5412858B2A900F3BFF3 /* Build configuration list for PBXNativeTarget "ExtendedExercices" */ = {
			isa = XCConfigurationList;
			buildConfigurations = (
				5F56F5422858B2A900F3BFF3 /* Debug */,
				5F56F5432858B2A900F3BFF3 /* Release */,
			);
			defaultConfigurationIsVisible = 0;
			defaultConfigurationName = Release;
		};
		5F56F5442858B2A900F3BFF3 /* Build configuration list for PBXNativeTarget "ExtendedExercicesTests" */ = {
			isa = XCConfigurationList;
			buildConfigurations = (
				5F56F5452858B2A900F3BFF3 /* Debug */,
				5F56F5462858B2A900F3BFF3 /* Release */,
			);
			defaultConfigurationIsVisible = 0;
			defaultConfigurationName = Release;
		};
		5F56F5472858B2A900F3BFF3 /* Build configuration list for PBXNativeTarget "ExtendedExercicesUITests" */ = {
			isa = XCConfigurationList;
			buildConfigurations = (
				5F56F5482858B2A900F3BFF3 /* Debug */,
				5F56F5492858B2A900F3BFF3 /* Release */,
			);
			defaultConfigurationIsVisible = 0;
			defaultConfigurationName = Release;
		};
/* End XCConfigurationList section */
	};
	rootObject = 5F56F5152858B2A600F3BFF3 /* Project object */;
}
